
Microsoft Visual Studio Solution File, Format Version 12.00
# Visual Studio 15
VisualStudioVersion = 15.0.27703.2018
MinimumVisualStudioVersion = 10.0.40219.1
Project("{FAE04EC0-301F-11D3-BF4B-00C04F79EFBC}") = "ChatBot", "bot\ChatBot.csproj", "{25D1C201-A628-432C-B470-B9F442668CCA}"
EndProject
Project("{FAE04EC0-301F-11D3-BF4B-00C04F79EFBC}") = "EncryptUtil", "Encrypt\EncryptUtil.csproj", "{EEE0C88F-08DE-4FD2-BDF8-5C19C9F1EFA7}"
EndProject
Project("{9A19103F-16F7-4668-BE54-9A1E7A4F7556}") = "Server", "Server\Server.csproj", "{B628F6EE-B6C5-4C33-9BAA-EE9E18A56A66}"
EndProject
Project("{FAE04EC0-301F-11D3-BF4B-00C04F79EFBC}") = "RabbitManagerUtil", "RabbitManager\RabbitManagerUtil.csproj", "{0F113BC9-1A7E-4FC4-93B0-CB93A4023080}"
EndProject
Project("{FAE04EC0-301F-11D3-BF4B-00C04F79EFBC}") = "ChatException", "CustomizeException\ChatException.csproj", "{70CF9FC9-CA07-4B77-9999-08DAF843958E}"
EndProject
Project("{FAE04EC0-301F-11D3-BF4B-00C04F79EFBC}") = "ChatLoggerUtil", "ChatLogger\ChatLoggerUtil.csproj", "{0A982BFF-1B64-414B-A62C-3129F5631062}"
EndProject
Project("{9A19103F-16F7-4668-BE54-9A1E7A4F7556}") = "Entities", "Entities\Entities.csproj", "{B0108045-43E6-4E53-8DED-ABE08DD599EC}"
EndProject
Project("{FAE04EC0-301F-11D3-BF4B-00C04F79EFBC}") = "DataDB", "DataDB\DataDB.csproj", "{9C3CB2A3-20E5-47A8-99DC-4019715BC869}"
EndProject
Project("{FAE04EC0-301F-11D3-BF4B-00C04F79EFBC}") = "BusinessDB", "BusinessDB\BusinessDB.csproj", "{6E8B51F6-BE95-4338-A360-7E1B1996FB5D}"
EndProject
Project("{FAE04EC0-301F-11D3-BF4B-00C04F79EFBC}") = "ChatUnitTest", "ChatUnitTest\ChatUnitTest.csproj", "{F57D035F-7B13-4B3D-A6DF-C66A14AACBA1}"
EndProject
Global
	GlobalSection(SolutionConfigurationPlatforms) = preSolution
		Debug|Any CPU = Debug|Any CPU
		Release|Any CPU = Release|Any CPU
	EndGlobalSection
	GlobalSection(ProjectConfigurationPlatforms) = postSolution
		{25D1C201-A628-432C-B470-B9F442668CCA}.Debug|Any CPU.ActiveCfg = Debug|Any CPU
		{25D1C201-A628-432C-B470-B9F442668CCA}.Debug|Any CPU.Build.0 = Debug|Any CPU
		{25D1C201-A628-432C-B470-B9F442668CCA}.Release|Any CPU.ActiveCfg = Release|Any CPU
		{25D1C201-A628-432C-B470-B9F442668CCA}.Release|Any CPU.Build.0 = Release|Any CPU
		{EEE0C88F-08DE-4FD2-BDF8-5C19C9F1EFA7}.Debug|Any CPU.ActiveCfg = Debug|Any CPU
		{EEE0C88F-08DE-4FD2-BDF8-5C19C9F1EFA7}.Debug|Any CPU.Build.0 = Debug|Any CPU
		{EEE0C88F-08DE-4FD2-BDF8-5C19C9F1EFA7}.Release|Any CPU.ActiveCfg = Release|Any CPU
		{EEE0C88F-08DE-4FD2-BDF8-5C19C9F1EFA7}.Release|Any CPU.Build.0 = Release|Any CPU
		{B628F6EE-B6C5-4C33-9BAA-EE9E18A56A66}.Debug|Any CPU.ActiveCfg = Debug|Any CPU
		{B628F6EE-B6C5-4C33-9BAA-EE9E18A56A66}.Debug|Any CPU.Build.0 = Debug|Any CPU
		{B628F6EE-B6C5-4C33-9BAA-EE9E18A56A66}.Release|Any CPU.ActiveCfg = Release|Any CPU
		{B628F6EE-B6C5-4C33-9BAA-EE9E18A56A66}.Release|Any CPU.Build.0 = Release|Any CPU
		{0F113BC9-1A7E-4FC4-93B0-CB93A4023080}.Debug|Any CPU.ActiveCfg = Debug|Any CPU
		{0F113BC9-1A7E-4FC4-93B0-CB93A4023080}.Debug|Any CPU.Build.0 = Debug|Any CPU
		{0F113BC9-1A7E-4FC4-93B0-CB93A4023080}.Release|Any CPU.ActiveCfg = Release|Any CPU
		{0F113BC9-1A7E-4FC4-93B0-CB93A4023080}.Release|Any CPU.Build.0 = Release|Any CPU
		{70CF9FC9-CA07-4B77-9999-08DAF843958E}.Debug|Any CPU.ActiveCfg = Debug|Any CPU
		{70CF9FC9-CA07-4B77-9999-08DAF843958E}.Debug|Any CPU.Build.0 = Debug|Any CPU
		{70CF9FC9-CA07-4B77-9999-08DAF843958E}.Release|Any CPU.ActiveCfg = Release|Any CPU
		{70CF9FC9-CA07-4B77-9999-08DAF843958E}.Release|Any CPU.Build.0 = Release|Any CPU
		{0A982BFF-1B64-414B-A62C-3129F5631062}.Debug|Any CPU.ActiveCfg = Debug|Any CPU
		{0A982BFF-1B64-414B-A62C-3129F5631062}.Debug|Any CPU.Build.0 = Debug|Any CPU
		{0A982BFF-1B64-414B-A62C-3129F5631062}.Release|Any CPU.ActiveCfg = Release|Any CPU
		{0A982BFF-1B64-414B-A62C-3129F5631062}.Release|Any CPU.Build.0 = Release|Any CPU
		{B0108045-43E6-4E53-8DED-ABE08DD599EC}.Debug|Any CPU.ActiveCfg = Debug|Any CPU
		{B0108045-43E6-4E53-8DED-ABE08DD599EC}.Debug|Any CPU.Build.0 = Debug|Any CPU
		{B0108045-43E6-4E53-8DED-ABE08DD599EC}.Release|Any CPU.ActiveCfg = Release|Any CPU
		{B0108045-43E6-4E53-8DED-ABE08DD599EC}.Release|Any CPU.Build.0 = Release|Any CPU
		{9C3CB2A3-20E5-47A8-99DC-4019715BC869}.Debug|Any CPU.ActiveCfg = Debug|Any CPU
		{9C3CB2A3-20E5-47A8-99DC-4019715BC869}.Debug|Any CPU.Build.0 = Debug|Any CPU
		{9C3CB2A3-20E5-47A8-99DC-4019715BC869}.Release|Any CPU.ActiveCfg = Release|Any CPU
		{9C3CB2A3-20E5-47A8-99DC-4019715BC869}.Release|Any CPU.Build.0 = Release|Any CPU
		{6E8B51F6-BE95-4338-A360-7E1B1996FB5D}.Debug|Any CPU.ActiveCfg = Debug|Any CPU
		{6E8B51F6-BE95-4338-A360-7E1B1996FB5D}.Debug|Any CPU.Build.0 = Debug|Any CPU
		{6E8B51F6-BE95-4338-A360-7E1B1996FB5D}.Release|Any CPU.ActiveCfg = Release|Any CPU
		{6E8B51F6-BE95-4338-A360-7E1B1996FB5D}.Release|Any CPU.Build.0 = Release|Any CPU
		{F57D035F-7B13-4B3D-A6DF-C66A14AACBA1}.Debug|Any CPU.ActiveCfg = Debug|Any CPU
		{F57D035F-7B13-4B3D-A6DF-C66A14AACBA1}.Debug|Any CPU.Build.0 = Debug|Any CPU
		{F57D035F-7B13-4B3D-A6DF-C66A14AACBA1}.Release|Any CPU.ActiveCfg = Release|Any CPU
		{F57D035F-7B13-4B3D-A6DF-C66A14AACBA1}.Release|Any CPU.Build.0 = Release|Any CPU
	EndGlobalSection
	GlobalSection(SolutionProperties) = preSolution
		HideSolutionNode = FALSE
	EndGlobalSection
	GlobalSection(ExtensibilityGlobals) = postSolution
		SolutionGuid = {4E4071FE-2EB3-485C-B5EA-9A3C047BC72B}
	EndGlobalSection
EndGlobal
